
Microsoft Visual Studio Solution File, Format Version 12.00
# Visual Studio Version 17
VisualStudioVersion = 17.2.32616.157
MinimumVisualStudioVersion = 10.0.40219.1
Project("{9A19103F-16F7-4668-BE54-9A1E7A4F7556}") = "API", "API\API.csproj", "{49C87860-1D2B-479B-870D-32981559E313}"
EndProject
Project("{FAE04EC0-301F-11D3-BF4B-00C04F79EFBC}") = "API.Tests", "API.Tests\API.Tests.csproj", "{82ADB286-6E23-46A7-BC86-449A4A2ACE20}"
EndProject
Global
	GlobalSection(SolutionConfigurationPlatforms) = preSolution
		Debug|Any CPU = Debug|Any CPU
		Release|Any CPU = Release|Any CPU
	EndGlobalSection
	GlobalSection(ProjectConfigurationPlatforms) = postSolution
		{49C87860-1D2B-479B-870D-32981559E313}.Debug|Any CPU.ActiveCfg = Debug|Any CPU
		{49C87860-1D2B-479B-870D-32981559E313}.Debug|Any CPU.Build.0 = Debug|Any CPU
		{49C87860-1D2B-479B-870D-32981559E313}.Release|Any CPU.ActiveCfg = Release|Any CPU
		{49C87860-1D2B-479B-870D-32981559E313}.Release|Any CPU.Build.0 = Release|Any CPU
		{82ADB286-6E23-46A7-BC86-449A4A2ACE20}.Debug|Any CPU.ActiveCfg = Debug|Any CPU
		{82ADB286-6E23-46A7-BC86-449A4A2ACE20}.Debug|Any CPU.Build.0 = Debug|Any CPU
		{82ADB286-6E23-46A7-BC86-449A4A2ACE20}.Release|Any CPU.ActiveCfg = Release|Any CPU
		{82ADB286-6E23-46A7-BC86-449A4A2ACE20}.Release|Any CPU.Build.0 = Release|Any CPU
	EndGlobalSection
	GlobalSection(SolutionProperties) = preSolution
		HideSolutionNode = FALSE
	EndGlobalSection
	GlobalSection(ExtensibilityGlobals) = postSolution
		SolutionGuid = {7A8979EB-4B12-4C9E-BF41-EC16EA91E937}
	EndGlobalSection
EndGlobal
